
Microsoft Visual Studio Solution File, Format Version 12.00
# Visual Studio Version 17
VisualStudioVersion = 17.11.35219.272
MinimumVisualStudioVersion = 10.0.40219.1
Project("{FAE04EC0-301F-11D3-BF4B-00C04F79EFBC}") = "myproject1", "myproject1.csproj", "{958C0A02-D167-4DFB-8768-9319C083C411}"
EndProject
Global
	GlobalSection(SolutionConfigurationPlatforms) = preSolution
		Debug|Any CPU = Debug|Any CPU
		Release|Any CPU = Release|Any CPU
	EndGlobalSection
	GlobalSection(ProjectConfigurationPlatforms) = postSolution
		{958C0A02-D167-4DFB-8768-9319C083C411}.Debug|Any CPU.ActiveCfg = Debug|Any CPU
		{958C0A02-D167-4DFB-8768-9319C083C411}.Debug|Any CPU.Build.0 = Debug|Any CPU
		{958C0A02-D167-4DFB-8768-9319C083C411}.Release|Any CPU.ActiveCfg = Release|Any CPU
		{958C0A02-D167-4DFB-8768-9319C083C411}.Release|Any CPU.Build.0 = Release|Any CPU
	EndGlobalSection
	GlobalSection(SolutionProperties) = preSolution
		HideSolutionNode = FALSE
	EndGlobalSection
	GlobalSection(ExtensibilityGlobals) = postSolution
		SolutionGuid = {F94FDB24-97E5-4224-82AE-3DC445622895}
	EndGlobalSection
EndGlobal
